// !$*UTF8*$!
{
	archiveVersion = 1;
	classes = {
	};
	objectVersion = 46;
	objects = {

/* Begin PBXBuildFile section */
		4C8AD76E1DEC0CC90026C0F0 /* main.m in Sources */ = {isa = PBXBuildFile; fileRef = 4C8AD76D1DEC0CC90026C0F0 /* main.m */; };
		4C8AD7711DEC0CC90026C0F0 /* AppDelegate.m in Sources */ = {isa = PBXBuildFile; fileRef = 4C8AD7701DEC0CC90026C0F0 /* AppDelegate.m */; };
		4C8AD7741DEC0CC90026C0F0 /* ViewController.m in Sources */ = {isa = PBXBuildFile; fileRef = 4C8AD7731DEC0CC90026C0F0 /* ViewController.m */; };
		4C8AD7771DEC0CC90026C0F0 /* Main.storyboard in Resources */ = {isa = PBXBuildFile; fileRef = 4C8AD7751DEC0CC90026C0F0 /* Main.storyboard */; };
		4C8AD7791DEC0CC90026C0F0 /* Assets.xcassets in Resources */ = {isa = PBXBuildFile; fileRef = 4C8AD7781DEC0CC90026C0F0 /* Assets.xcassets */; };
		4C8AD77C1DEC0CC90026C0F0 /* LaunchScreen.storyboard in Resources */ = {isa = PBXBuildFile; fileRef = 4C8AD77A1DEC0CC90026C0F0 /* LaunchScreen.storyboard */; };
/* End PBXBuildFile section */

/* Begin PBXFileReference section */
		4C8AD7691DEC0CC90026C0F0 /* stack pointer.app */ = {isa = PBXFileReference; explicitFileType = wrapper.application; includeInIndex = 0; path = "stack pointer.app"; sourceTree = BUILT_PRODUCTS_DIR; };
		4C8AD76D1DEC0CC90026C0F0 /* main.m */ = {isa = PBXFileReference; lastKnownFileType = sourcecode.c.objc; path = main.m; sourceTree = "<group>"; };
		4C8AD76F1DEC0CC90026C0F0 /* AppDelegate.h */ = {isa = PBXFileReference; lastKnownFileType = sourcecode.c.h; path = AppDelegate.h; sourceTree = "<group>"; };
		4C8AD7701DEC0CC90026C0F0 /* AppDelegate.m */ = {isa = PBXFileReference; lastKnownFileType = sourcecode.c.objc; path = AppDelegate.m; sourceTree = "<group>"; };
		4C8AD7721DEC0CC90026C0F0 /* ViewController.h */ = {isa = PBXFileReference; lastKnownFileType = sourcecode.c.h; path = ViewController.h; sourceTree = "<group>"; };
		4C8AD7731DEC0CC90026C0F0 /* ViewController.m */ = {isa = PBXFileReference; lastKnownFileType = sourcecode.c.objc; path = ViewController.m; sourceTree = "<group>"; };
		4C8AD7761DEC0CC90026C0F0 /* Base */ = {isa = PBXFileReference; lastKnownFileType = file.storyboard; name = Base; path = Base.lproj/Main.storyboard; sourceTree = "<group>"; };
		4C8AD7781DEC0CC90026C0F0 /* Assets.xcassets */ = {isa = PBXFileReference; lastKnownFileType = folder.assetcatalog; path = Assets.xcassets; sourceTree = "<group>"; };
		4C8AD77B1DEC0CC90026C0F0 /* Base */ = {isa = PBXFileReference; lastKnownFileType = file.storyboard; name = Base; path = Base.lproj/LaunchScreen.storyboard; sourceTree = "<group>"; };
		4C8AD77D1DEC0CC90026C0F0 /* Info.plist */ = {isa = PBXFileReference; lastKnownFileType = text.plist.xml; path = Info.plist; sourceTree = "<group>"; };
/* End PBXFileReference section */

/* Begin PBXFrameworksBuildPhase section */
		4C8AD7661DEC0CC90026C0F0 /* Frameworks */ = {
			isa = PBXFrameworksBuildPhase;
			buildActionMask = 2147483647;
			files = (
			);
			runOnlyForDeploymentPostprocessing = 0;
		};
/* End PBXFrameworksBuildPhase section */

/* Begin PBXGroup section */
		4C8AD7601DEC0CC90026C0F0 = {
			isa = PBXGroup;
			children = (
				4C8AD76B1DEC0CC90026C0F0 /* stack pointer */,
				4C8AD76A1DEC0CC90026C0F0 /* Products */,
			);
			sourceTree = "<group>";
		};
		4C8AD76A1DEC0CC90026C0F0 /* Products */ = {
			isa = PBXGroup;
			children = (
				4C8AD7691DEC0CC90026C0F0 /* stack pointer.app */,
			);
			name = Products;
			sourceTree = "<group>";
		};
		4C8AD76B1DEC0CC90026C0F0 /* stack pointer */ = {
			isa = PBXGroup;
			children = (
				4C8AD76F1DEC0CC90026C0F0 /* AppDelegate.h */,
				4C8AD7701DEC0CC90026C0F0 /* AppDelegate.m */,
				4C8AD7721DEC0CC90026C0F0 /* ViewController.h */,
				4C8AD7731DEC0CC90026C0F0 /* ViewController.m */,
				4C8AD7751DEC0CC90026C0F0 /* Main.storyboard */,
				4C8AD7781DEC0CC90026C0F0 /* Assets.xcassets */,
				4C8AD77A1DEC0CC90026C0F0 /* LaunchScreen.storyboard */,
				4C8AD77D1DEC0CC90026C0F0 /* Info.plist */,
				4C8AD76C1DEC0CC90026C0F0 /* Supporting Files */,
			);
			path = "stack pointer";
			sourceTree = "<group>";
		};
		4C8AD76C1DEC0CC90026C0F0 /* Supporting Files */ = {
			isa = PBXGroup;
			children = (
				4C8AD76D1DEC0CC90026C0F0 /* main.m */,
			);
			name = "Supporting Files";
			sourceTree = "<group>";
		};
/* End PBXGroup section */

/* Begin PBXNativeTarget section */
		4C8AD7681DEC0CC90026C0F0 /* stack pointer */ = {
			isa = PBXNativeTarget;
			buildConfigurationList = 4C8AD7801DEC0CC90026C0F0 /* Build configuration list for PBXNativeTarget "stack pointer" */;
			buildPhases = (
				4C8AD7651DEC0CC90026C0F0 /* Sources */,
				4C8AD7661DEC0CC90026C0F0 /* Frameworks */,
				4C8AD7671DEC0CC90026C0F0 /* Resources */,
			);
			buildRules = (
			);
			dependencies = (
			);
			name = "stack pointer";
			productName = "stack pointer";
			productReference = 4C8AD7691DEC0CC90026C0F0 /* stack pointer.app */;
			productType = "com.apple.product-type.application";
		};
/* End PBXNativeTarget section */

/* Begin PBXProject section */
		4C8AD7611DEC0CC90026C0F0 /* Project object */ = {
			isa = PBXProject;
			attributes = {
				LastUpgradeCheck = 0810;
				ORGANIZATIONNAME = tencent;
				TargetAttributes = {
					4C8AD7681DEC0CC90026C0F0 = {
						CreatedOnToolsVersion = 8.1;
						ProvisioningStyle = Automatic;
					};
				};
			};
			buildConfigurationList = 4C8AD7641DEC0CC90026C0F0 /* Build configuration list for PBXProject "stack pointer" */;
			compatibilityVersion = "Xcode 3.2";
			developmentRegion = English;
			hasScannedForEncodings = 0;
			knownRegions = (
				en,
				Base,
			);
			mainGroup = 4C8AD7601DEC0CC90026C0F0;
			productRefGroup = 4C8AD76A1DEC0CC90026C0F0 /* Products */;
			projectDirPath = "";
			projectRoot = "";
			targets = (
				4C8AD7681DEC0CC90026C0F0 /* stack pointer */,
			);
		};
/* End PBXProject section */

/* Begin PBXResourcesBuildPhase section */
		4C8AD7671DEC0CC90026C0F0 /* Resources */ = {
			isa = PBXResourcesBuildPhase;
			buildActionMask = 2147483647;
			files = (
				4C8AD77C1DEC0CC90026C0F0 /* LaunchScreen.storyboard in Resources */,
				4C8AD7791DEC0CC90026C0F0 /* Assets.xcassets in Resources */,
				4C8AD7771DEC0CC90026C0F0 /* Main.storyboard in Resources */,
			);
			runOnlyForDeploymentPostprocessing = 0;
		};
/* End PBXResourcesBuildPhase section */

/* Begin PBXSourcesBuildPhase section */
		4C8AD7651DEC0CC90026C0F0 /* Sources */ = {
			isa = PBXSourcesBuildPhase;
			buildActionMask = 2147483647;
			files = (
				4C8AD7741DEC0CC90026C0F0 /* ViewController.m in Sources */,
				4C8AD7711DEC0CC90026C0F0 /* AppDelegate.m in Sources */,
				4C8AD76E1DEC0CC90026C0F0 /* main.m in Sources */,
			);
			runOnlyForDeploymentPostprocessing = 0;
		};
/* End PBXSourcesBuildPhase section */

/* Begin PBXVariantGroup section */
		4C8AD7751DEC0CC90026C0F0 /* Main.storyboard */ = {
			isa = PBXVariantGroup;
			children = (
				4C8AD7761DEC0CC90026C0F0 /* Base */,
			);
			name = Main.storyboard;
			sourceTree = "<group>";
		};
		4C8AD77A1DEC0CC90026C0F0 /* LaunchScreen.storyboard */ = {
			isa = PBXVariantGroup;
			children = (
				4C8AD77B1DEC0CC90026C0F0 /* Base */,
			);
			name = LaunchScreen.storyboard;
			sourceTree = "<group>";
		};
/* End PBXVariantGroup section */

/* Begin XCBuildConfiguration section */
		4C8AD77E1DEC0CC90026C0F0 /* Debug */ = {
			isa = XCBuildConfiguration;
			buildSettings = {
				ALWAYS_SEARCH_USER_PATHS = NO;
				CLANG_ANALYZER_NONNULL = YES;
				CLANG_CXX_LANGUAGE_STANDARD = "gnu++0x";
				CLANG_CXX_LIBRARY = "libc++";
				CLANG_ENABLE_MODULES = YES;
				CLANG_ENABLE_OBJC_ARC = YES;
				CLANG_WARN_BOOL_CONVERSION = YES;
				CLANG_WARN_CONSTANT_CONVERSION = YES;
				CLANG_WARN_DIRECT_OBJC_ISA_USAGE = YES_ERROR;
				CLANG_WARN_DOCUMENTATION_COMMENTS = YES;
				CLANG_WARN_EMPTY_BODY = YES;
				CLANG_WARN_ENUM_CONVERSION = YES;
				CLANG_WARN_INFINITE_RECURSION = YES;
				CLANG_WARN_INT_CONVERSION = YES;
				CLANG_WARN_OBJC_ROOT_CLASS = YES_ERROR;
				CLANG_WARN_SUSPICIOUS_MOVES = YES;
				CLANG_WARN_UNREACHABLE_CODE = YES;
				CLANG_WARN__DUPLICATE_METHOD_MATCH = YES;
				"CODE_SIGN_IDENTITY[sdk=iphoneos*]" = "iPhone Developer";
				COPY_PHASE_STRIP = NO;
				DEBUG_INFORMATION_FORMAT = dwarf;
				ENABLE_STRICT_OBJC_MSGSEND = YES;
				ENABLE_TESTABILITY = YES;
				GCC_C_LANGUAGE_STANDARD = gnu99;
				GCC_DYNAMIC_NO_PIC = NO;
				GCC_NO_COMMON_BLOCKS = YES;
				GCC_OPTIMIZATION_LEVEL = 0;
				GCC_PREPROCESSOR_DEFINITIONS = (
					"DEBUG=1",
					"$(inherited)",
				);
				GCC_WARN_64_TO_32_BIT_CONVERSION = YES;
				GCC_WARN_ABOUT_RETURN_TYPE = YES_ERROR;
				GCC_WARN_UNDECLARED_SELECTOR = YES;
				GCC_WARN_UNINITIALIZED_AUTOS = YES_AGGRESSIVE;
				GCC_WARN_UNUSED_FUNCTION = YES;
				GCC_WARN_UNUSED_VARIABLE = YES;
				IPHONEOS_DEPLOYMENT_TARGET = 10.1;
				MTL_ENABLE_DEBUG_INFO = YES;
				ONLY_ACTIVE_ARCH = YES;
				SDKROOT = iphoneos;
			};
			name = Debug;
		};
		4C8AD77F1DEC0CC90026C0F0 /* Release */ = {
			isa = XCBuildConfiguration;
			buildSettings = {
				ALWAYS_SEARCH_USER_PATHS = NO;
				CLANG_ANALYZER_NONNULL = YES;
				CLANG_CXX_LANGUAGE_STANDARD = "gnu++0x";
				CLANG_CXX_LIBRARY = "libc++";
				CLANG_ENABLE_MODULES = YES;
				CLANG_ENABLE_OBJC_ARC = YES;
				CLANG_WARN_BOOL_CONVERSION = YES;
				CLANG_WARN_CONSTANT_CONVERSION = YES;
				CLANG_WARN_DIRECT_OBJC_ISA_USAGE = YES_ERROR;
				CLANG_WARN_DOCUMENTATION_COMMENTS = YES;
				CLANG_WARN_EMPTY_BODY = YES;
				CLANG_WARN_ENUM_CONVERSION = YES;
				CLANG_WARN_INFINITE_RECURSION = YES;
				CLANG_WARN_INT_CONVERSION = YES;
				CLANG_WARN_OBJC_ROOT_CLASS = YES_ERROR;
				CLANG_WARN_SUSPICIOUS_MOVES = YES;
				CLANG_WARN_UNREACHABLE_CODE = YES;
				CLANG_WARN__DUPLICATE_METHOD_MATCH = YES;
				"CODE_SIGN_IDENTITY[sdk=iphoneos*]" = "iPhone Developer";
				COPY_PHASE_STRIP = NO;
				DEBUG_INFORMATION_FORMAT = "dwarf-with-dsym";
				ENABLE_NS_ASSERTIONS = NO;
				ENABLE_STRICT_OBJC_MSGSEND = YES;
				GCC_C_LANGUAGE_STANDARD = gnu99;
				GCC_NO_COMMON_BLOCKS = YES;
				GCC_WARN_64_TO_32_BIT_CONVERSION = YES;
				GCC_WARN_ABOUT_RETURN_TYPE = YES_ERROR;
				GCC_WARN_UNDECLARED_SELECTOR = YES;
				GCC_WARN_UNINITIALIZED_AUTOS = YES_AGGRESSIVE;
				GCC_WARN_UNUSED_FUNCTION = YES;
				GCC_WARN_UNUSED_VARIABLE = YES;
				IPHONEOS_DEPLOYMENT_TARGET = 10.1;
				MTL_ENABLE_DEBUG_INFO = NO;
				SDKROOT = iphoneos;
				VALIDATE_PRODUCT = YES;
			};
			name = Release;
		};
		4C8AD7811DEC0CC90026C0F0 /* Debug */ = {
			isa = XCBuildConfiguration;
			buildSettings = {
				ASSETCATALOG_COMPILER_APPICON_NAME = AppIcon;
				INFOPLIST_FILE = "stack pointer/Info.plist";
				LD_RUNPATH_SEARCH_PATHS = "$(inherited) @executable_path/Frameworks";
				PRODUCT_BUNDLE_IDENTIFIER = "com.tencent.stack-pointer";
				PRODUCT_NAME = "$(TARGET_NAME)";
			};
			name = Debug;
		};
		4C8AD7821DEC0CC90026C0F0 /* Release */ = {
			isa = XCBuildConfiguration;
			buildSettings = {
				ASSETCATALOG_COMPILER_APPICON_NAME = AppIcon;
				INFOPLIST_FILE = "stack pointer/Info.plist";
				LD_RUNPATH_SEARCH_PATHS = "$(inherited) @executable_path/Frameworks";
				PRODUCT_BUNDLE_IDENTIFIER = "com.tencent.stack-pointer";
				PRODUCT_NAME = "$(TARGET_NAME)";
			};
			name = Release;
		};
/* End XCBuildConfiguration section */

/* Begin XCConfigurationList section */
		4C8AD7641DEC0CC90026C0F0 /* Build configuration list for PBXProject "stack pointer" */ = {
			isa = XCConfigurationList;
			buildConfigurations = (
				4C8AD77E1DEC0CC90026C0F0 /* Debug */,
				4C8AD77F1DEC0CC90026C0F0 /* Release */,
			);
			defaultConfigurationIsVisible = 0;
			defaultConfigurationName = Release;
		};
		4C8AD7801DEC0CC90026C0F0 /* Build configuration list for PBXNativeTarget "stack pointer" */ = {
			isa = XCConfigurationList;
			buildConfigurations = (
				4C8AD7811DEC0CC90026C0F0 /* Debug */,
				4C8AD7821DEC0CC90026C0F0 /* Release */,
			);
			defaultConfigurationIsVisible = 0;
		};
/* End XCConfigurationList section */
	};
	rootObject = 4C8AD7611DEC0CC90026C0F0 /* Project object */;
}
